
Microsoft Visual Studio Solution File, Format Version 12.00
# Visual Studio 2015
Project("{FAE04EC0-301F-11D3-BF4B-00C04F79EFBC}") = "Test Area.CSharp", "Test Area.CSharp.csproj", "{FA6C4BD7-5D64-202C-EC7C-49B6E638E958}"
EndProject
Global
	GlobalSection(SolutionConfigurationPlatforms) = preSolution
		Debug|Any CPU = Debug|Any CPU
		Release|Any CPU = Release|Any CPU
	EndGlobalSection
	GlobalSection(ProjectConfigurationPlatforms) = postSolution
		{FA6C4BD7-5D64-202C-EC7C-49B6E638E958}.Debug|Any CPU.ActiveCfg = Debug|Any CPU
		{FA6C4BD7-5D64-202C-EC7C-49B6E638E958}.Debug|Any CPU.Build.0 = Debug|Any CPU
		{FA6C4BD7-5D64-202C-EC7C-49B6E638E958}.Release|Any CPU.ActiveCfg = Release|Any CPU
		{FA6C4BD7-5D64-202C-EC7C-49B6E638E958}.Release|Any CPU.Build.0 = Release|Any CPU
	EndGlobalSection
	GlobalSection(SolutionProperties) = preSolution
		HideSolutionNode = FALSE
	EndGlobalSection
EndGlobal
